
Microsoft Visual Studio Solution File, Format Version 12.00
# Visual Studio 15
Project("{FAE04EC0-301F-11D3-BF4B-00C04F79EFBC}") = "OrderSystem.web.Tests", "Source\OrderSystem.web.Tests\OrderSystem.web.Tests.csproj", "{2BC7059A-16AB-468C-B9B0-96FA2734626F}"
EndProject
Project("{FAE04EC0-301F-11D3-BF4B-00C04F79EFBC}") = "OrderSystem.webb", "Source\OrderSystem.webb\OrderSystem.webb.csproj", "{BAF0F51D-8470-4003-ABE4-05121AE73CAD}"
EndProject
Project("{FAE04EC0-301F-11D3-BF4B-00C04F79EFBC}") = "OrderSystems.Business", "Source\OrderSystems.Business\OrderSystems.Business.csproj", "{365F1D12-D293-4465-9AD4-B83B8D7440EC}"
EndProject
Project("{FAE04EC0-301F-11D3-BF4B-00C04F79EFBC}") = "OrderSystems.Data", "Source\OrderSystems.Data\OrderSystems.Data.csproj", "{49625BC1-1CFD-4D53-AB60-FEF5FDA5167E}"
EndProject
Project("{FAE04EC0-301F-11D3-BF4B-00C04F79EFBC}") = "OrderSystems.Entities", "Source\OrderSystems.Entities\OrderSystems.Entities.csproj", "{A6B152B8-A11E-4FFE-91D7-DDA82ED390C5}"
EndProject
Global
	GlobalSection(SolutionConfigurationPlatforms) = preSolution
		Debug|x86 = Debug|x86
		Release|x86 = Release|x86
	EndGlobalSection
	GlobalSection(ProjectConfigurationPlatforms) = postSolution
		{2BC7059A-16AB-468C-B9B0-96FA2734626F}.Debug|x86.ActiveCfg = Debug|Any CPU
		{2BC7059A-16AB-468C-B9B0-96FA2734626F}.Debug|x86.Build.0 = Debug|Any CPU
		{2BC7059A-16AB-468C-B9B0-96FA2734626F}.Release|x86.ActiveCfg = Release|Any CPU
		{2BC7059A-16AB-468C-B9B0-96FA2734626F}.Release|x86.Build.0 = Release|Any CPU
		{BAF0F51D-8470-4003-ABE4-05121AE73CAD}.Debug|x86.ActiveCfg = Debug|Any CPU
		{BAF0F51D-8470-4003-ABE4-05121AE73CAD}.Debug|x86.Build.0 = Debug|Any CPU
		{BAF0F51D-8470-4003-ABE4-05121AE73CAD}.Release|x86.ActiveCfg = Release|Any CPU
		{BAF0F51D-8470-4003-ABE4-05121AE73CAD}.Release|x86.Build.0 = Release|Any CPU
		{365F1D12-D293-4465-9AD4-B83B8D7440EC}.Debug|x86.ActiveCfg = Debug|Any CPU
		{365F1D12-D293-4465-9AD4-B83B8D7440EC}.Debug|x86.Build.0 = Debug|Any CPU
		{365F1D12-D293-4465-9AD4-B83B8D7440EC}.Release|x86.ActiveCfg = Release|Any CPU
		{365F1D12-D293-4465-9AD4-B83B8D7440EC}.Release|x86.Build.0 = Release|Any CPU
		{49625BC1-1CFD-4D53-AB60-FEF5FDA5167E}.Debug|x86.ActiveCfg = Debug|Any CPU
		{49625BC1-1CFD-4D53-AB60-FEF5FDA5167E}.Debug|x86.Build.0 = Debug|Any CPU
		{49625BC1-1CFD-4D53-AB60-FEF5FDA5167E}.Release|x86.ActiveCfg = Release|Any CPU
		{49625BC1-1CFD-4D53-AB60-FEF5FDA5167E}.Release|x86.Build.0 = Release|Any CPU
		{A6B152B8-A11E-4FFE-91D7-DDA82ED390C5}.Debug|x86.ActiveCfg = Debug|Any CPU
		{A6B152B8-A11E-4FFE-91D7-DDA82ED390C5}.Debug|x86.Build.0 = Debug|Any CPU
		{A6B152B8-A11E-4FFE-91D7-DDA82ED390C5}.Release|x86.ActiveCfg = Release|Any CPU
		{A6B152B8-A11E-4FFE-91D7-DDA82ED390C5}.Release|x86.Build.0 = Release|Any CPU
	EndGlobalSection
EndGlobal
